
Microsoft Visual Studio Solution File, Format Version 12.00
# Visual Studio Version 16
VisualStudioVersion = 16.0.30114.105
MinimumVisualStudioVersion = 10.0.40219.1
Project("{2150E333-8FDC-42A3-9474-1A3956D46DE8}") = "Microservices", "Microservices", "{BC29CAAD-7254-4981-920E-AF25B4E6287F}"
EndProject
Project("{2150E333-8FDC-42A3-9474-1A3956D46DE8}") = "Domain", "Domain", "{FBF29B3D-1341-4511-99E4-17263A106065}"
EndProject
Project("{2150E333-8FDC-42A3-9474-1A3956D46DE8}") = "Infrastructure.Bus", "Infrastructure.Bus", "{A6554DD3-6641-4278-AAE7-6AEB90653EAB}"
EndProject
Project("{2150E333-8FDC-42A3-9474-1A3956D46DE8}") = "Infrastructure", "Infrastructure", "{22DB960C-D68F-4C4E-8D6E-B3D51960782B}"
EndProject
Project("{2150E333-8FDC-42A3-9474-1A3956D46DE8}") = "Infrastructure.IoC", "Infrastructure.IoC", "{1DC5AFC6-4515-4E09-9056-28695F91A918}"
EndProject
Project("{2150E333-8FDC-42A3-9474-1A3956D46DE8}") = "Presentation", "Presentation", "{2D3F1043-7E40-486E-90BF-8D14A5D3CC6C}"
EndProject
Project("{9A19103F-16F7-4668-BE54-9A1E7A4F7556}") = "BRabbitMQ.Domain.Core", "BRabbitMQ.Domain.Core\BRabbitMQ.Domain.Core.csproj", "{F945A913-118E-4F63-9426-CEA49E1C30DD}"
EndProject
Project("{FAE04EC0-301F-11D3-BF4B-00C04F79EFBC}") = "BRabbitMQ.Infrastructure.Bus", "BRabbitMQ.Infrastructure.Bus\BRabbitMQ.Infrastructure.Bus.csproj", "{860FF32D-4E6D-4BA2-B8C5-AD2A360BD446}"
EndProject
Project("{FAE04EC0-301F-11D3-BF4B-00C04F79EFBC}") = "BRabbitMQ.Infrastructure.IoC", "BRabbitMQ.Infrastructure.IoC\BRabbitMQ.Infrastructure.IoC.csproj", "{739CDEEE-7C2F-4382-A95B-8F027BF5DABC}"
EndProject
Project("{2150E333-8FDC-42A3-9474-1A3956D46DE8}") = "Banking", "Banking", "{4FD2534A-D1C2-41DC-A5E8-61E8FC21702B}"
EndProject
Project("{2150E333-8FDC-42A3-9474-1A3956D46DE8}") = "Api", "Api", "{E8A42C7F-922B-4FD0-8803-487FA6955CFE}"
EndProject
Project("{2150E333-8FDC-42A3-9474-1A3956D46DE8}") = "Domain", "Domain", "{D9819D23-DBE0-4D2A-BDD4-2306D51F3E95}"
EndProject
Project("{2150E333-8FDC-42A3-9474-1A3956D46DE8}") = "Application", "Application", "{C1EBB1AC-596D-432D-AC35-67FF6342ECEE}"
EndProject
Project("{2150E333-8FDC-42A3-9474-1A3956D46DE8}") = "Data", "Data", "{69590FE2-811E-4CB2-BEBC-2BB26FC95B2C}"
EndProject
Project("{FAE04EC0-301F-11D3-BF4B-00C04F79EFBC}") = "BRabbitMQ.Banking.Application", "BRabbitMQ.Banking.Application\BRabbitMQ.Banking.Application.csproj", "{45A3145F-A2D0-4A31-89ED-8D952DD82C1B}"
EndProject
Project("{FAE04EC0-301F-11D3-BF4B-00C04F79EFBC}") = "BRabbitMQ.Banking.Data", "BRabbitMQ.Banking.Data\BRabbitMQ.Banking.Data.csproj", "{1C5AF0B4-BB97-47A5-8FE3-EA041F2A25BF}"
EndProject
Project("{FAE04EC0-301F-11D3-BF4B-00C04F79EFBC}") = "BRabbitMQ.Banking.Domain", "BRabbitMQ.Banking.Domain\BRabbitMQ.Banking.Domain.csproj", "{29183FE5-C11D-4E5D-9C30-B3EDB02C3AFA}"
EndProject
Project("{FAE04EC0-301F-11D3-BF4B-00C04F79EFBC}") = "BRabbitMQ.Banking.API", "BRabbitMQ.Banking.API\BRabbitMQ.Banking.API.csproj", "{1E8AF7A6-2C97-4B74-90C2-6E020982EA4E}"
EndProject
Global
	GlobalSection(SolutionConfigurationPlatforms) = preSolution
		Debug|Any CPU = Debug|Any CPU
		Release|Any CPU = Release|Any CPU
	EndGlobalSection
	GlobalSection(ProjectConfigurationPlatforms) = postSolution
		{F945A913-118E-4F63-9426-CEA49E1C30DD}.Debug|Any CPU.ActiveCfg = Debug|Any CPU
		{F945A913-118E-4F63-9426-CEA49E1C30DD}.Debug|Any CPU.Build.0 = Debug|Any CPU
		{F945A913-118E-4F63-9426-CEA49E1C30DD}.Release|Any CPU.ActiveCfg = Release|Any CPU
		{F945A913-118E-4F63-9426-CEA49E1C30DD}.Release|Any CPU.Build.0 = Release|Any CPU
		{860FF32D-4E6D-4BA2-B8C5-AD2A360BD446}.Debug|Any CPU.ActiveCfg = Debug|Any CPU
		{860FF32D-4E6D-4BA2-B8C5-AD2A360BD446}.Debug|Any CPU.Build.0 = Debug|Any CPU
		{860FF32D-4E6D-4BA2-B8C5-AD2A360BD446}.Release|Any CPU.ActiveCfg = Release|Any CPU
		{860FF32D-4E6D-4BA2-B8C5-AD2A360BD446}.Release|Any CPU.Build.0 = Release|Any CPU
		{739CDEEE-7C2F-4382-A95B-8F027BF5DABC}.Debug|Any CPU.ActiveCfg = Debug|Any CPU
		{739CDEEE-7C2F-4382-A95B-8F027BF5DABC}.Debug|Any CPU.Build.0 = Debug|Any CPU
		{739CDEEE-7C2F-4382-A95B-8F027BF5DABC}.Release|Any CPU.ActiveCfg = Release|Any CPU
		{739CDEEE-7C2F-4382-A95B-8F027BF5DABC}.Release|Any CPU.Build.0 = Release|Any CPU
		{45A3145F-A2D0-4A31-89ED-8D952DD82C1B}.Debug|Any CPU.ActiveCfg = Debug|Any CPU
		{45A3145F-A2D0-4A31-89ED-8D952DD82C1B}.Debug|Any CPU.Build.0 = Debug|Any CPU
		{45A3145F-A2D0-4A31-89ED-8D952DD82C1B}.Release|Any CPU.ActiveCfg = Release|Any CPU
		{45A3145F-A2D0-4A31-89ED-8D952DD82C1B}.Release|Any CPU.Build.0 = Release|Any CPU
		{1C5AF0B4-BB97-47A5-8FE3-EA041F2A25BF}.Debug|Any CPU.ActiveCfg = Debug|Any CPU
		{1C5AF0B4-BB97-47A5-8FE3-EA041F2A25BF}.Debug|Any CPU.Build.0 = Debug|Any CPU
		{1C5AF0B4-BB97-47A5-8FE3-EA041F2A25BF}.Release|Any CPU.ActiveCfg = Release|Any CPU
		{1C5AF0B4-BB97-47A5-8FE3-EA041F2A25BF}.Release|Any CPU.Build.0 = Release|Any CPU
		{29183FE5-C11D-4E5D-9C30-B3EDB02C3AFA}.Debug|Any CPU.ActiveCfg = Debug|Any CPU
		{29183FE5-C11D-4E5D-9C30-B3EDB02C3AFA}.Debug|Any CPU.Build.0 = Debug|Any CPU
		{29183FE5-C11D-4E5D-9C30-B3EDB02C3AFA}.Release|Any CPU.ActiveCfg = Release|Any CPU
		{29183FE5-C11D-4E5D-9C30-B3EDB02C3AFA}.Release|Any CPU.Build.0 = Release|Any CPU
		{1E8AF7A6-2C97-4B74-90C2-6E020982EA4E}.Debug|Any CPU.ActiveCfg = Debug|Any CPU
		{1E8AF7A6-2C97-4B74-90C2-6E020982EA4E}.Debug|Any CPU.Build.0 = Debug|Any CPU
		{1E8AF7A6-2C97-4B74-90C2-6E020982EA4E}.Release|Any CPU.ActiveCfg = Release|Any CPU
		{1E8AF7A6-2C97-4B74-90C2-6E020982EA4E}.Release|Any CPU.Build.0 = Release|Any CPU
	EndGlobalSection
	GlobalSection(SolutionProperties) = preSolution
		HideSolutionNode = FALSE
	EndGlobalSection
	GlobalSection(NestedProjects) = preSolution
		{F945A913-118E-4F63-9426-CEA49E1C30DD} = {FBF29B3D-1341-4511-99E4-17263A106065}
		{860FF32D-4E6D-4BA2-B8C5-AD2A360BD446} = {A6554DD3-6641-4278-AAE7-6AEB90653EAB}
		{739CDEEE-7C2F-4382-A95B-8F027BF5DABC} = {1DC5AFC6-4515-4E09-9056-28695F91A918}
		{4FD2534A-D1C2-41DC-A5E8-61E8FC21702B} = {BC29CAAD-7254-4981-920E-AF25B4E6287F}
		{E8A42C7F-922B-4FD0-8803-487FA6955CFE} = {4FD2534A-D1C2-41DC-A5E8-61E8FC21702B}
		{D9819D23-DBE0-4D2A-BDD4-2306D51F3E95} = {4FD2534A-D1C2-41DC-A5E8-61E8FC21702B}
		{C1EBB1AC-596D-432D-AC35-67FF6342ECEE} = {4FD2534A-D1C2-41DC-A5E8-61E8FC21702B}
		{69590FE2-811E-4CB2-BEBC-2BB26FC95B2C} = {4FD2534A-D1C2-41DC-A5E8-61E8FC21702B}
		{45A3145F-A2D0-4A31-89ED-8D952DD82C1B} = {C1EBB1AC-596D-432D-AC35-67FF6342ECEE}
		{1C5AF0B4-BB97-47A5-8FE3-EA041F2A25BF} = {69590FE2-811E-4CB2-BEBC-2BB26FC95B2C}
		{29183FE5-C11D-4E5D-9C30-B3EDB02C3AFA} = {D9819D23-DBE0-4D2A-BDD4-2306D51F3E95}
		{1E8AF7A6-2C97-4B74-90C2-6E020982EA4E} = {E8A42C7F-922B-4FD0-8803-487FA6955CFE}
	EndGlobalSection
	GlobalSection(ExtensibilityGlobals) = postSolution
		SolutionGuid = {16D82A3E-415B-4356-8414-255F4DFA1B58}
	EndGlobalSection
EndGlobal
